
Microsoft Visual Studio Solution File, Format Version 12.00
# Visual Studio 2012
VisualStudioVersion = 14.0.25123.0
MinimumVisualStudioVersion = 10.0.40219.1
Project("{FAE04EC0-301F-11D3-BF4B-00C04F79EFBC}") = "StartappDroid", "StartappDroid\StartappDroid.csproj", "{82F04C1E-2F0D-4396-ADC3-BC9EADEE8E7E}"
EndProject
Project("{FAE04EC0-301F-11D3-BF4B-00C04F79EFBC}") = "StartappiOS", "StartappiOS\StartappiOS.csproj", "{08FAE550-E302-4022-A871-17E0462E99F3}"
EndProject
Project("{D954291E-2A0B-460D-934E-DC6B0785DB48}") = "StartappSharedCode", "StartappSharedCode\StartappSharedCode.shproj", "{579BD547-2865-4254-B242-8EB4DDB25288}"
EndProject
Project("{2150E333-8FDC-42A3-9474-1A3956D46DE8}") = "Common", "Common", "{7A818A02-19E5-4DBC-82EA-9C5C052638F1}"
EndProject
Project("{FAE04EC0-301F-11D3-BF4B-00C04F79EFBC}") = "Common.Droid", "..\Common\Common.Droid\Common.Droid.csproj", "{A923789B-5E4B-4033-8380-B20A48DFDA73}"
EndProject
Project("{FAE04EC0-301F-11D3-BF4B-00C04F79EFBC}") = "Common.iOS", "..\Common\Common.iOS\Common.iOS.csproj", "{7EC7D409-FCF8-40CC-A13A-187EDE8B4DED}"
EndProject
Project("{FAE04EC0-301F-11D3-BF4B-00C04F79EFBC}") = "Common.PCL", "..\Common\Common.PCL\Common.PCL.csproj", "{AD659F93-DB43-4D9B-B412-AC5E832CB608}"
EndProject
Project("{FAE04EC0-301F-11D3-BF4B-00C04F79EFBC}") = "StartappPCL", "StartappPCL\StartappPCL.csproj", "{2660F85F-5975-47AA-8342-95F7ACBFC39F}"
EndProject
Project("{2150E333-8FDC-42A3-9474-1A3956D46DE8}") = "Modules", "Modules", "{CF2FEFB5-9C89-4363-9D9D-6EDEF6F5C3C1}"
EndProject
Project("{FAE04EC0-301F-11D3-BF4B-00C04F79EFBC}") = "Core.Droid", "..\Modules\Core.Droid\Core.Droid.csproj", "{CCF3B19D-0F26-42F3-A488-CAF9E10E0C1D}"
EndProject
Project("{FAE04EC0-301F-11D3-BF4B-00C04F79EFBC}") = "Core.iOS", "..\Modules\Core.iOS\Core.iOS.csproj", "{3D16AB4F-2AC2-416F-9104-2D576289E84B}"
EndProject
Project("{FAE04EC0-301F-11D3-BF4B-00C04F79EFBC}") = "Core.PCL", "..\Modules\Core.PCL\Core.PCL.csproj", "{C0347E55-8BD2-4BE5-8E0C-7CB0411B2590}"
EndProject
Global
	GlobalSection(SolutionConfigurationPlatforms) = preSolution
		Debug|Any CPU = Debug|Any CPU
		Debug|iPhone = Debug|iPhone
		Debug|iPhoneSimulator = Debug|iPhoneSimulator
		Release|Any CPU = Release|Any CPU
		Release|iPhone = Release|iPhone
		Release|iPhoneSimulator = Release|iPhoneSimulator
	EndGlobalSection
	GlobalSection(ProjectConfigurationPlatforms) = postSolution
		{08FAE550-E302-4022-A871-17E0462E99F3}.Debug|Any CPU.ActiveCfg = Debug|iPhone
		{08FAE550-E302-4022-A871-17E0462E99F3}.Debug|iPhone.ActiveCfg = Debug|iPhone
		{08FAE550-E302-4022-A871-17E0462E99F3}.Debug|iPhone.Build.0 = Debug|iPhone
		{08FAE550-E302-4022-A871-17E0462E99F3}.Debug|iPhoneSimulator.ActiveCfg = Debug|iPhoneSimulator
		{08FAE550-E302-4022-A871-17E0462E99F3}.Debug|iPhoneSimulator.Build.0 = Debug|iPhoneSimulator
		{08FAE550-E302-4022-A871-17E0462E99F3}.Release|Any CPU.ActiveCfg = Release|iPhone
		{08FAE550-E302-4022-A871-17E0462E99F3}.Release|iPhone.ActiveCfg = Release|iPhone
		{08FAE550-E302-4022-A871-17E0462E99F3}.Release|iPhone.Build.0 = Release|iPhone
		{08FAE550-E302-4022-A871-17E0462E99F3}.Release|iPhoneSimulator.ActiveCfg = Release|iPhoneSimulator
		{08FAE550-E302-4022-A871-17E0462E99F3}.Release|iPhoneSimulator.Build.0 = Release|iPhoneSimulator
		{2660F85F-5975-47AA-8342-95F7ACBFC39F}.Debug|Any CPU.ActiveCfg = Debug|Any CPU
		{2660F85F-5975-47AA-8342-95F7ACBFC39F}.Debug|Any CPU.Build.0 = Debug|Any CPU
		{2660F85F-5975-47AA-8342-95F7ACBFC39F}.Debug|iPhone.ActiveCfg = Debug|Any CPU
		{2660F85F-5975-47AA-8342-95F7ACBFC39F}.Debug|iPhone.Build.0 = Debug|Any CPU
		{2660F85F-5975-47AA-8342-95F7ACBFC39F}.Debug|iPhoneSimulator.ActiveCfg = Debug|Any CPU
		{2660F85F-5975-47AA-8342-95F7ACBFC39F}.Debug|iPhoneSimulator.Build.0 = Debug|Any CPU
		{2660F85F-5975-47AA-8342-95F7ACBFC39F}.Release|Any CPU.ActiveCfg = Release|Any CPU
		{2660F85F-5975-47AA-8342-95F7ACBFC39F}.Release|Any CPU.Build.0 = Release|Any CPU
		{2660F85F-5975-47AA-8342-95F7ACBFC39F}.Release|iPhone.ActiveCfg = Release|Any CPU
		{2660F85F-5975-47AA-8342-95F7ACBFC39F}.Release|iPhone.Build.0 = Release|Any CPU
		{2660F85F-5975-47AA-8342-95F7ACBFC39F}.Release|iPhoneSimulator.ActiveCfg = Release|Any CPU
		{2660F85F-5975-47AA-8342-95F7ACBFC39F}.Release|iPhoneSimulator.Build.0 = Release|Any CPU
		{3D16AB4F-2AC2-416F-9104-2D576289E84B}.Debug|Any CPU.ActiveCfg = Debug|Any CPU
		{3D16AB4F-2AC2-416F-9104-2D576289E84B}.Debug|Any CPU.Build.0 = Debug|Any CPU
		{3D16AB4F-2AC2-416F-9104-2D576289E84B}.Debug|iPhone.ActiveCfg = Debug|Any CPU
		{3D16AB4F-2AC2-416F-9104-2D576289E84B}.Debug|iPhone.Build.0 = Debug|Any CPU
		{3D16AB4F-2AC2-416F-9104-2D576289E84B}.Debug|iPhoneSimulator.ActiveCfg = Debug|Any CPU
		{3D16AB4F-2AC2-416F-9104-2D576289E84B}.Debug|iPhoneSimulator.Build.0 = Debug|Any CPU
		{3D16AB4F-2AC2-416F-9104-2D576289E84B}.Release|Any CPU.ActiveCfg = Release|Any CPU
		{3D16AB4F-2AC2-416F-9104-2D576289E84B}.Release|Any CPU.Build.0 = Release|Any CPU
		{3D16AB4F-2AC2-416F-9104-2D576289E84B}.Release|iPhone.ActiveCfg = Release|Any CPU
		{3D16AB4F-2AC2-416F-9104-2D576289E84B}.Release|iPhone.Build.0 = Release|Any CPU
		{3D16AB4F-2AC2-416F-9104-2D576289E84B}.Release|iPhoneSimulator.ActiveCfg = Release|Any CPU
		{3D16AB4F-2AC2-416F-9104-2D576289E84B}.Release|iPhoneSimulator.Build.0 = Release|Any CPU
		{7EC7D409-FCF8-40CC-A13A-187EDE8B4DED}.Debug|Any CPU.ActiveCfg = Debug|Any CPU
		{7EC7D409-FCF8-40CC-A13A-187EDE8B4DED}.Debug|Any CPU.Build.0 = Debug|Any CPU
		{7EC7D409-FCF8-40CC-A13A-187EDE8B4DED}.Debug|iPhone.ActiveCfg = Debug|Any CPU
		{7EC7D409-FCF8-40CC-A13A-187EDE8B4DED}.Debug|iPhone.Build.0 = Debug|Any CPU
		{7EC7D409-FCF8-40CC-A13A-187EDE8B4DED}.Debug|iPhoneSimulator.ActiveCfg = Debug|Any CPU
		{7EC7D409-FCF8-40CC-A13A-187EDE8B4DED}.Debug|iPhoneSimulator.Build.0 = Debug|Any CPU
		{7EC7D409-FCF8-40CC-A13A-187EDE8B4DED}.Release|Any CPU.ActiveCfg = Release|Any CPU
		{7EC7D409-FCF8-40CC-A13A-187EDE8B4DED}.Release|Any CPU.Build.0 = Release|Any CPU
		{7EC7D409-FCF8-40CC-A13A-187EDE8B4DED}.Release|iPhone.ActiveCfg = Release|Any CPU
		{7EC7D409-FCF8-40CC-A13A-187EDE8B4DED}.Release|iPhone.Build.0 = Release|Any CPU
		{7EC7D409-FCF8-40CC-A13A-187EDE8B4DED}.Release|iPhoneSimulator.ActiveCfg = Release|Any CPU
		{7EC7D409-FCF8-40CC-A13A-187EDE8B4DED}.Release|iPhoneSimulator.Build.0 = Release|Any CPU
		{82F04C1E-2F0D-4396-ADC3-BC9EADEE8E7E}.Debug|Any CPU.ActiveCfg = Debug|Any CPU
		{82F04C1E-2F0D-4396-ADC3-BC9EADEE8E7E}.Debug|Any CPU.Build.0 = Debug|Any CPU
		{82F04C1E-2F0D-4396-ADC3-BC9EADEE8E7E}.Debug|Any CPU.Deploy.0 = Debug|Any CPU
		{82F04C1E-2F0D-4396-ADC3-BC9EADEE8E7E}.Debug|iPhone.ActiveCfg = Debug|Any CPU
		{82F04C1E-2F0D-4396-ADC3-BC9EADEE8E7E}.Debug|iPhone.Build.0 = Debug|Any CPU
		{82F04C1E-2F0D-4396-ADC3-BC9EADEE8E7E}.Debug|iPhone.Deploy.0 = Debug|Any CPU
		{82F04C1E-2F0D-4396-ADC3-BC9EADEE8E7E}.Debug|iPhoneSimulator.ActiveCfg = Debug|Any CPU
		{82F04C1E-2F0D-4396-ADC3-BC9EADEE8E7E}.Debug|iPhoneSimulator.Build.0 = Debug|Any CPU
		{82F04C1E-2F0D-4396-ADC3-BC9EADEE8E7E}.Debug|iPhoneSimulator.Deploy.0 = Debug|Any CPU
		{82F04C1E-2F0D-4396-ADC3-BC9EADEE8E7E}.Release|Any CPU.ActiveCfg = Release|Any CPU
		{82F04C1E-2F0D-4396-ADC3-BC9EADEE8E7E}.Release|Any CPU.Build.0 = Release|Any CPU
		{82F04C1E-2F0D-4396-ADC3-BC9EADEE8E7E}.Release|Any CPU.Deploy.0 = Release|Any CPU
		{82F04C1E-2F0D-4396-ADC3-BC9EADEE8E7E}.Release|iPhone.ActiveCfg = Release|Any CPU
		{82F04C1E-2F0D-4396-ADC3-BC9EADEE8E7E}.Release|iPhone.Build.0 = Release|Any CPU
		{82F04C1E-2F0D-4396-ADC3-BC9EADEE8E7E}.Release|iPhone.Deploy.0 = Release|Any CPU
		{82F04C1E-2F0D-4396-ADC3-BC9EADEE8E7E}.Release|iPhoneSimulator.ActiveCfg = Release|Any CPU
		{82F04C1E-2F0D-4396-ADC3-BC9EADEE8E7E}.Release|iPhoneSimulator.Build.0 = Release|Any CPU
		{82F04C1E-2F0D-4396-ADC3-BC9EADEE8E7E}.Release|iPhoneSimulator.Deploy.0 = Release|Any CPU
		{A923789B-5E4B-4033-8380-B20A48DFDA73}.Debug|Any CPU.ActiveCfg = Debug|Any CPU
		{A923789B-5E4B-4033-8380-B20A48DFDA73}.Debug|Any CPU.Build.0 = Debug|Any CPU
		{A923789B-5E4B-4033-8380-B20A48DFDA73}.Debug|iPhone.ActiveCfg = Debug|Any CPU
		{A923789B-5E4B-4033-8380-B20A48DFDA73}.Debug|iPhone.Build.0 = Debug|Any CPU
		{A923789B-5E4B-4033-8380-B20A48DFDA73}.Debug|iPhoneSimulator.ActiveCfg = Debug|Any CPU
		{A923789B-5E4B-4033-8380-B20A48DFDA73}.Debug|iPhoneSimulator.Build.0 = Debug|Any CPU
		{A923789B-5E4B-4033-8380-B20A48DFDA73}.Release|Any CPU.ActiveCfg = Release|Any CPU
		{A923789B-5E4B-4033-8380-B20A48DFDA73}.Release|Any CPU.Build.0 = Release|Any CPU
		{A923789B-5E4B-4033-8380-B20A48DFDA73}.Release|iPhone.ActiveCfg = Release|Any CPU
		{A923789B-5E4B-4033-8380-B20A48DFDA73}.Release|iPhone.Build.0 = Release|Any CPU
		{A923789B-5E4B-4033-8380-B20A48DFDA73}.Release|iPhoneSimulator.ActiveCfg = Release|Any CPU
		{A923789B-5E4B-4033-8380-B20A48DFDA73}.Release|iPhoneSimulator.Build.0 = Release|Any CPU
		{AD659F93-DB43-4D9B-B412-AC5E832CB608}.Debug|Any CPU.ActiveCfg = Debug|Any CPU
		{AD659F93-DB43-4D9B-B412-AC5E832CB608}.Debug|Any CPU.Build.0 = Debug|Any CPU
		{AD659F93-DB43-4D9B-B412-AC5E832CB608}.Debug|iPhone.ActiveCfg = Debug|Any CPU
		{AD659F93-DB43-4D9B-B412-AC5E832CB608}.Debug|iPhone.Build.0 = Debug|Any CPU
		{AD659F93-DB43-4D9B-B412-AC5E832CB608}.Debug|iPhoneSimulator.ActiveCfg = Debug|Any CPU
		{AD659F93-DB43-4D9B-B412-AC5E832CB608}.Debug|iPhoneSimulator.Build.0 = Debug|Any CPU
		{AD659F93-DB43-4D9B-B412-AC5E832CB608}.Release|Any CPU.ActiveCfg = Release|Any CPU
		{AD659F93-DB43-4D9B-B412-AC5E832CB608}.Release|Any CPU.Build.0 = Release|Any CPU
		{AD659F93-DB43-4D9B-B412-AC5E832CB608}.Release|iPhone.ActiveCfg = Release|Any CPU
		{AD659F93-DB43-4D9B-B412-AC5E832CB608}.Release|iPhone.Build.0 = Release|Any CPU
		{AD659F93-DB43-4D9B-B412-AC5E832CB608}.Release|iPhoneSimulator.ActiveCfg = Release|Any CPU
		{AD659F93-DB43-4D9B-B412-AC5E832CB608}.Release|iPhoneSimulator.Build.0 = Release|Any CPU
		{C0347E55-8BD2-4BE5-8E0C-7CB0411B2590}.Debug|Any CPU.ActiveCfg = Debug|Any CPU
		{C0347E55-8BD2-4BE5-8E0C-7CB0411B2590}.Debug|Any CPU.Build.0 = Debug|Any CPU
		{C0347E55-8BD2-4BE5-8E0C-7CB0411B2590}.Debug|iPhone.ActiveCfg = Debug|Any CPU
		{C0347E55-8BD2-4BE5-8E0C-7CB0411B2590}.Debug|iPhone.Build.0 = Debug|Any CPU
		{C0347E55-8BD2-4BE5-8E0C-7CB0411B2590}.Debug|iPhoneSimulator.ActiveCfg = Debug|Any CPU
		{C0347E55-8BD2-4BE5-8E0C-7CB0411B2590}.Debug|iPhoneSimulator.Build.0 = Debug|Any CPU
		{C0347E55-8BD2-4BE5-8E0C-7CB0411B2590}.Release|Any CPU.ActiveCfg = Release|Any CPU
		{C0347E55-8BD2-4BE5-8E0C-7CB0411B2590}.Release|Any CPU.Build.0 = Release|Any CPU
		{C0347E55-8BD2-4BE5-8E0C-7CB0411B2590}.Release|iPhone.ActiveCfg = Release|Any CPU
		{C0347E55-8BD2-4BE5-8E0C-7CB0411B2590}.Release|iPhone.Build.0 = Release|Any CPU
		{C0347E55-8BD2-4BE5-8E0C-7CB0411B2590}.Release|iPhoneSimulator.ActiveCfg = Release|Any CPU
		{C0347E55-8BD2-4BE5-8E0C-7CB0411B2590}.Release|iPhoneSimulator.Build.0 = Release|Any CPU
		{CCF3B19D-0F26-42F3-A488-CAF9E10E0C1D}.Debug|Any CPU.ActiveCfg = Debug|Any CPU
		{CCF3B19D-0F26-42F3-A488-CAF9E10E0C1D}.Debug|Any CPU.Build.0 = Debug|Any CPU
		{CCF3B19D-0F26-42F3-A488-CAF9E10E0C1D}.Debug|iPhone.ActiveCfg = Debug|Any CPU
		{CCF3B19D-0F26-42F3-A488-CAF9E10E0C1D}.Debug|iPhone.Build.0 = Debug|Any CPU
		{CCF3B19D-0F26-42F3-A488-CAF9E10E0C1D}.Debug|iPhoneSimulator.ActiveCfg = Debug|Any CPU
		{CCF3B19D-0F26-42F3-A488-CAF9E10E0C1D}.Debug|iPhoneSimulator.Build.0 = Debug|Any CPU
		{CCF3B19D-0F26-42F3-A488-CAF9E10E0C1D}.Release|Any CPU.ActiveCfg = Release|Any CPU
		{CCF3B19D-0F26-42F3-A488-CAF9E10E0C1D}.Release|Any CPU.Build.0 = Release|Any CPU
		{CCF3B19D-0F26-42F3-A488-CAF9E10E0C1D}.Release|iPhone.ActiveCfg = Release|Any CPU
		{CCF3B19D-0F26-42F3-A488-CAF9E10E0C1D}.Release|iPhone.Build.0 = Release|Any CPU
		{CCF3B19D-0F26-42F3-A488-CAF9E10E0C1D}.Release|iPhoneSimulator.ActiveCfg = Release|Any CPU
		{CCF3B19D-0F26-42F3-A488-CAF9E10E0C1D}.Release|iPhoneSimulator.Build.0 = Release|Any CPU
	EndGlobalSection
	GlobalSection(NestedProjects) = preSolution
		{A923789B-5E4B-4033-8380-B20A48DFDA73} = {7A818A02-19E5-4DBC-82EA-9C5C052638F1}
		{7EC7D409-FCF8-40CC-A13A-187EDE8B4DED} = {7A818A02-19E5-4DBC-82EA-9C5C052638F1}
		{AD659F93-DB43-4D9B-B412-AC5E832CB608} = {7A818A02-19E5-4DBC-82EA-9C5C052638F1}
		{CCF3B19D-0F26-42F3-A488-CAF9E10E0C1D} = {CF2FEFB5-9C89-4363-9D9D-6EDEF6F5C3C1}
		{3D16AB4F-2AC2-416F-9104-2D576289E84B} = {CF2FEFB5-9C89-4363-9D9D-6EDEF6F5C3C1}
		{C0347E55-8BD2-4BE5-8E0C-7CB0411B2590} = {CF2FEFB5-9C89-4363-9D9D-6EDEF6F5C3C1}
	EndGlobalSection
	GlobalSection(MonoDevelopProperties) = preSolution
		StartupItem = TaskyiOS\TaskyiOS.csproj
	EndGlobalSection
	GlobalSection(SharedMSBuildProjectFiles) = preSolution
		StatappSharedCode\TaskySharedCode.projitems*{579bd547-2865-4254-b242-8eb4ddb25288}*SharedItemsImports = 13
		StatappSharedCode\TaskySharedCode.projitems*{08fae550-e302-4022-a871-17e0462e99f3}*SharedItemsImports = 4
		StatappSharedCode\TaskySharedCode.projitems*{82f04c1e-2f0d-4396-adc3-bc9eadee8e7e}*SharedItemsImports = 4
	EndGlobalSection
	GlobalSection(SolutionProperties) = preSolution
		HideSolutionNode = FALSE
	EndGlobalSection
EndGlobal
